PODS:
  - AsyncSwift (1.7.3)
  - Crashlytics (3.7.3):
    - Fabric (~> 1.6.3)
  - Fabric (1.6.8)
  - LTSwiftDate (0.1.0)
  - R.swift (2.4.0):
    - R.swift.Library (~> 2.2.0)
  - R.swift.Library (2.2.0)
  - Realm (1.1.0):
    - Realm/Headers (= 1.1.0)
  - Realm/Headers (1.1.0)
  - RealmSwift (1.1.0):
    - Realm (= 1.1.0)
  - SVProgressHUD (2.0.3)
  - SwiftyJSON (2.3.2)

DEPENDENCIES:
  - AsyncSwift
  - Crashlytics
  - Fabric
  - LTSwiftDate
  - R.swift
  - RealmSwift (= 1.1.0)
  - SVProgressHUD
  - SwiftyJSON

SPEC CHECKSUMS:
  AsyncSwift: f3ad5dd077bbd1477e7573e87071a532fedaca1a
  Crashlytics: 76f6beaff70acf226139582c09c78461597c2b98
  Fabric: 5755268d0171435ab167e3d0878a28a777deaf10
  LTSwiftDate: 7f456e301ea7426a3d0e4afac85a3fd82f3a171f
  R.swift: 0ef9c42dc6c94ac44a3c78a7639c73f855a8e159
  R.swift.Library: 31a487b65381f37a7d203a6f1f935b43c9be35b0
  Realm: ceecf1a4540c4ce9efe196fe73fa9855bce05bd8
  RealmSwift: 838058b2db95b12cb86bd0cf209df642c33fb60a
  SVProgressHUD: b0830714205bea1317ea1a2ebc71e5633af334d4
  SwiftyJSON: 04ccea08915aa0109039157c7974cf0298da292a

PODFILE CHECKSUM: cc07aee978fac644b62711b9687e5d9b0ce02a41

COCOAPODS: 1.1.0.beta.2
